
Microsoft Visual Studio Solution File, Format Version 12.00
Project("{FAE04EC0-301F-11D3-BF4B-00C04F79EFBC}") = "src\UniNote.Api", "src\UniNote.Api\UniNote.Api.csproj", "{D7BCB2DE-16F8-4AA6-9594-BFC119C4E38B}"
EndProject
Project("{FAE04EC0-301F-11D3-BF4B-00C04F79EFBC}") = "src\UniNote.Domain", "src\UniNote.Domain\UniNote.Domain.csproj", "{F90FA424-0663-480C-8808-4B1FA5457829}"
EndProject
Project("{FAE04EC0-301F-11D3-BF4B-00C04F79EFBC}") = "src\UniNote.Data", "src\UniNote.Data\UniNote.Data.csproj", "{E4FBF0DD-753D-45B6-8ADF-A4B0A9A8A9E5}"
EndProject
Project("{FAE04EC0-301F-11D3-BF4B-00C04F79EFBC}") = "src\UniNote.Application", "src\UniNote.Application\UniNote.Application.csproj", "{320F5E8C-E97B-4E5C-A72B-5E374516A8EE}"
EndProject
Project("{FAE04EC0-301F-11D3-BF4B-00C04F79EFBC}") = "UniNote.Core", "src\UniNote.Core\UniNote.Core.csproj", "{BF47DDFC-D96B-428D-8389-140225F8D619}"
EndProject
Global
	GlobalSection(SolutionConfigurationPlatforms) = preSolution
		Debug|Any CPU = Debug|Any CPU
		Release|Any CPU = Release|Any CPU
	EndGlobalSection
	GlobalSection(ProjectConfigurationPlatforms) = postSolution
		{D7BCB2DE-16F8-4AA6-9594-BFC119C4E38B}.Debug|Any CPU.ActiveCfg = Debug|Any CPU
		{D7BCB2DE-16F8-4AA6-9594-BFC119C4E38B}.Debug|Any CPU.Build.0 = Debug|Any CPU
		{D7BCB2DE-16F8-4AA6-9594-BFC119C4E38B}.Release|Any CPU.ActiveCfg = Release|Any CPU
		{D7BCB2DE-16F8-4AA6-9594-BFC119C4E38B}.Release|Any CPU.Build.0 = Release|Any CPU
		{F90FA424-0663-480C-8808-4B1FA5457829}.Debug|Any CPU.ActiveCfg = Debug|Any CPU
		{F90FA424-0663-480C-8808-4B1FA5457829}.Debug|Any CPU.Build.0 = Debug|Any CPU
		{F90FA424-0663-480C-8808-4B1FA5457829}.Release|Any CPU.ActiveCfg = Release|Any CPU
		{F90FA424-0663-480C-8808-4B1FA5457829}.Release|Any CPU.Build.0 = Release|Any CPU
		{E4FBF0DD-753D-45B6-8ADF-A4B0A9A8A9E5}.Debug|Any CPU.ActiveCfg = Debug|Any CPU
		{E4FBF0DD-753D-45B6-8ADF-A4B0A9A8A9E5}.Debug|Any CPU.Build.0 = Debug|Any CPU
		{E4FBF0DD-753D-45B6-8ADF-A4B0A9A8A9E5}.Release|Any CPU.ActiveCfg = Release|Any CPU
		{E4FBF0DD-753D-45B6-8ADF-A4B0A9A8A9E5}.Release|Any CPU.Build.0 = Release|Any CPU
		{320F5E8C-E97B-4E5C-A72B-5E374516A8EE}.Debug|Any CPU.ActiveCfg = Debug|Any CPU
		{320F5E8C-E97B-4E5C-A72B-5E374516A8EE}.Debug|Any CPU.Build.0 = Debug|Any CPU
		{320F5E8C-E97B-4E5C-A72B-5E374516A8EE}.Release|Any CPU.ActiveCfg = Release|Any CPU
		{320F5E8C-E97B-4E5C-A72B-5E374516A8EE}.Release|Any CPU.Build.0 = Release|Any CPU
		{BF47DDFC-D96B-428D-8389-140225F8D619}.Debug|Any CPU.ActiveCfg = Debug|Any CPU
		{BF47DDFC-D96B-428D-8389-140225F8D619}.Debug|Any CPU.Build.0 = Debug|Any CPU
		{BF47DDFC-D96B-428D-8389-140225F8D619}.Release|Any CPU.ActiveCfg = Release|Any CPU
		{BF47DDFC-D96B-428D-8389-140225F8D619}.Release|Any CPU.Build.0 = Release|Any CPU
	EndGlobalSection
EndGlobal
